{
    "composer/xdebug-handler": {
        "version": "1.4.0"
    },
    "doctrine/data-fixtures": {
        "version": "1.4.2"
    },
    "easycorp/easy-log-handler": {
        "version": "1.0",
        "recipe": {
            "repo": "github.com/symfony/recipes",
            "branch": "master",
            "version": "1.0",
            "ref": "70062abc2cd58794d2a90274502f81b55cd9951b"
        },
        "files": [
            "./config/packages/dev/easy_log_handler.yaml"
        ]
    },
    "fzaninotto/faker": {
        "version": "v1.9.1"
    },
    "hautelook/alice-bundle": {
        "version": "2.1",
        "recipe": {
            "repo": "github.com/symfony/recipes",
            "branch": "master",
            "version": "2.1",
            "ref": "71822522faf7ed2792d86b7f94ce73443358ccb9"
        },
        "files": [
            "./config/packages/dev/hautelook_alice.yaml",
            "./config/packages/test/hautelook_alice.yaml",
            "./fixtures/.gitignore"
        ]
    },
    "jean85/pretty-package-versions": {
        "version": "1.2"
    },
    "myclabs/deep-copy": {
        "version": "1.9.5"
    },
    "nelmio/alice": {
        "version": "3.2",
        "recipe": {
            "repo": "github.com/symfony/recipes",
            "branch": "master",
            "version": "3.2",
            "ref": "0b9900ece737bec7752e4155c0164639dd9b0cb0"
        },
        "files": [
            "./config/packages/dev/nelmio_alice.yaml",
            "./config/packages/test/nelmio_alice.yaml"
        ]
    },
    "nette/bootstrap": {
        "version": "v3.0.1"
    },
    "nette/di": {
        "version": "v3.0.3"
    },
    "nette/finder": {
        "version": "v2.5.2"
    },
    "nette/neon": {
        "version": "v3.1.1"
    },
    "nette/php-generator": {
        "version": "v3.3.4"
    },
    "nette/robot-loader": {
        "version": "v3.2.1"
    },
    "nette/schema": {
        "version": "v1.0.2"
    },
    "nette/utils": {
        "version": "v3.1.1"
    },
    "nikic/php-parser": {
        "version": "v4.3.0"
    },
    "php": {
        "version": "7.3"
    },
    "phpstan/phpdoc-parser": {
        "version": "0.3.5"
    },
    "phpstan/phpstan": {
        "version": "0.11.19"
    },
    "psr/link": {
        "version": "1.0.0"
    },
    "sebastian/comparator": {
        "version": "3.0.2"
    },
    "sebastian/diff": {
        "version": "3.0.2"
    },
    "sebastian/exporter": {
        "version": "3.1.2"
    },
    "sebastian/recursion-context": {
        "version": "3.0.0"
    },
    "squizlabs/php_codesniffer": {
        "version": "3.0",
        "recipe": {
            "repo": "github.com/symfony/recipes-contrib",
            "branch": "master",
            "version": "3.0",
            "ref": "0dc9cceda799fd3a08b96987e176a261028a3709"
        }
    },
    "symfony/browser-kit": {
        "version": "v4.4.4"
    },
    "symfony/css-selector": {
        "version": "v4.4.4"
    },
    "symfony/debug-bundle": {
        "version": "4.1",
        "recipe": {
            "repo": "github.com/symfony/recipes",
            "branch": "master",
            "version": "4.1",
            "ref": "f8863cbad2f2e58c4b65fa1eac892ab189971bea"
        },
        "files": [
            "./config/packages/dev/debug.yaml"
        ]
    },
    "symfony/debug-pack": {
        "version": "v1.0.7"
    },
    "symfony/dom-crawler": {
        "version": "v4.4.4"
    },
    "symfony/maker-bundle": {
        "version": "1.0",
        "recipe": {
            "repo": "github.com/symfony/recipes",
            "branch": "master",
            "version": "1.0",
            "ref": "fadbfe33303a76e25cb63401050439aa9b1a9c7f"
        }
    },
    "symfony/monolog-bundle": {
        "version": "3.3",
        "recipe": {
            "repo": "github.com/symfony/recipes",
            "branch": "master",
            "version": "3.3",
            "ref": "877bdb4223245783d00ed1f7429aa7ebc606d914"
        },
        "files": [
            "./config/packages/dev/monolog.yaml",
            "./config/packages/prod/monolog.yaml",
            "./config/packages/test/monolog.yaml"
        ]
    },
    "symfony/phpunit-bridge": {
        "version": "4.3",
        "recipe": {
            "repo": "github.com/symfony/recipes",
            "branch": "master",
            "version": "4.3",
            "ref": "6d0e35f749d5f4bfe1f011762875275cd3f9874f"
        },
        "files": [
            "./.env.test",
            "./bin/phpunit",
            "./phpunit.xml.dist",
            "./tests/bootstrap.php"
        ]
    },
    "symfony/process": {
        "version": "v4.4.4"
    },
    "symfony/profiler-pack": {
        "version": "v1.0.4"
    },
    "symfony/serializer-pack": {
        "version": "v1.0.2"
    },
    "symfony/test-pack": {
        "version": "v1.0.6"
    },
    "symfony/translation": {
        "version": "3.3",
        "recipe": {
            "repo": "github.com/symfony/recipes",
            "branch": "master",
            "version": "3.3",
            "ref": "2ad9d2545bce8ca1a863e50e92141f0b9d87ffcd"
        },
        "files": [
            "./config/packages/translation.yaml",
            "./translations/.gitignore"
        ]
    },
    "symfony/translation-contracts": {
        "version": "v2.0.1"
    },
    "symfony/twig-bridge": {
        "version": "v4.4.4"
    },
    "symfony/twig-bundle": {
        "version": "4.4",
        "recipe": {
            "repo": "github.com/symfony/recipes",
            "branch": "master",
            "version": "4.4",
            "ref": "15a41bbd66a1323d09824a189b485c126bbefa51"
        },
        "files": [
            "./config/packages/test/twig.yaml",
            "./config/packages/twig.yaml",
            "./templates/base.html.twig"
        ]
    },
    "symfony/twig-pack": {
        "version": "v1.0.0"
    },
    "symfony/validator": {
        "version": "4.3",
        "recipe": {
            "repo": "github.com/symfony/recipes",
            "branch": "master",
            "version": "4.3",
            "ref": "d902da3e4952f18d3bf05aab29512eb61cabd869"
        },
        "files": [
            "./config/packages/test/validator.yaml",
            "./config/packages/validator.yaml"
        ]
    },
    "symfony/web-link": {
        "version": "v4.4.4"
    },
    "symfony/web-profiler-bundle": {
        "version": "3.3",
        "recipe": {
            "repo": "github.com/symfony/recipes",
            "branch": "master",
            "version": "3.3",
            "ref": "6bdfa1a95f6b2e677ab985cd1af2eae35d62e0f6"
        },
        "files": [
            "./config/packages/dev/web_profiler.yaml",
            "./config/packages/test/web_profiler.yaml",
            "./config/routes/dev/web_profiler.yaml"
        ]
    },
    "symfony/web-server-bundle": {
        "version": "3.3",
        "recipe": {
            "repo": "github.com/symfony/recipes",
            "branch": "master",
            "version": "3.3",
            "ref": "dae9b39fd6717970be7601101ce5aa960bf53d9a"
        }
    },
    "symfony/yaml": {
        "version": "v4.4.4"
    },
    "theofidry/alice-data-fixtures": {
        "version": "1.0",
        "recipe": {
            "repo": "github.com/symfony/recipes",
            "branch": "master",
            "version": "1.0",
            "ref": "fe5a50faf580eb58f08ada2abe8afbd2d4941e05"
        }
    },
    "twig/extra-bundle": {
        "version": "v3.0.3"
    },
    "twig/twig": {
        "version": "v3.0.3"
    }
}
